{
  "requires": true,
  "lockfileVersion": 1,
  "dependencies": {
    "@vue/reactivity": {
      "version": "3.0.5",
      "resolved": "https://registry.npm.taobao.org/@vue/reactivity/download/@vue/reactivity-3.0.5.tgz",
      "integrity": "sha1-43ieTVI9hF+a4LTXcOK0VZR0L9I=",
      "requires": {
        "@vue/shared": "3.0.5"
      }
    },
    "@vue/shared": {
      "version": "3.0.5",
      "resolved": "https://registry.npm.taobao.org/@vue/shared/download/@vue/shared-3.0.5.tgz",
      "integrity": "sha1-wTHYi9ZxPMTZOzuxNy7bGYMiX/A="
    }
  }
}
